
Microsoft Visual Studio Solution File, Format Version 12.00
# Visual Studio Version 17
VisualStudioVersion = 17.5.002.0
MinimumVisualStudioVersion = 10.0.40219.1
Project("{9A19103F-16F7-4668-BE54-9A1E7A4F7556}") = "session2", "session2\session2.csproj", "{8FFB76EB-3CEE-4074-8EAB-67154D284DCB}"
EndProject
Project("{FAE04EC0-301F-11D3-BF4B-00C04F79EFBC}") = "session4", "session4\session4.csproj", "{07CF0482-5AC6-46B4-92D7-814DAB8BF36D}"
EndProject
Project("{FAE04EC0-301F-11D3-BF4B-00C04F79EFBC}") = "bt_session2", "session3\bt_session2.csproj", "{E6078346-1F34-49E9-A0EE-6F23CAAF0EAC}"
EndProject
Project("{FAE04EC0-301F-11D3-BF4B-00C04F79EFBC}") = "session5", "session5\session5.csproj", "{DF1A0D16-2468-4CC0-80FA-6BB8D3F8576F}"
EndProject
Project("{FAE04EC0-301F-11D3-BF4B-00C04F79EFBC}") = "session6", "session6\session6.csproj", "{7194DF45-C5EF-442C-827F-C3D83C3D87F3}"
EndProject
Project("{FAE04EC0-301F-11D3-BF4B-00C04F79EFBC}") = "session7", "session7\session7.csproj", "{FEE9D1AF-1225-4BAD-8520-5FEBFED14A37}"
EndProject
Project("{FAE04EC0-301F-11D3-BF4B-00C04F79EFBC}") = "session8", "session8\session8.csproj", "{071F1A19-48E9-4005-9190-FB7ADE384E3E}"
EndProject
Project("{FAE04EC0-301F-11D3-BF4B-00C04F79EFBC}") = "session8_test", "session8_test\session8_test.csproj", "{1DF0DFF3-C04C-444A-856D-37998E485A85}"
EndProject
Project("{FAE04EC0-301F-11D3-BF4B-00C04F79EFBC}") = "session9", "session9\session9.csproj", "{9E828E09-CC88-4AD3-902B-A85A4C57851C}"
EndProject
Project("{FAE04EC0-301F-11D3-BF4B-00C04F79EFBC}") = "session10_kethua", "session10_kethua\session10_kethua.csproj", "{8506681F-EEE5-42C1-9244-AEAB3F8C987B}"
EndProject
Global
	GlobalSection(SolutionConfigurationPlatforms) = preSolution
		Debug|Any CPU = Debug|Any CPU
		Release|Any CPU = Release|Any CPU
	EndGlobalSection
	GlobalSection(ProjectConfigurationPlatforms) = postSolution
		{8FFB76EB-3CEE-4074-8EAB-67154D284DCB}.Debug|Any CPU.ActiveCfg = Debug|Any CPU
		{8FFB76EB-3CEE-4074-8EAB-67154D284DCB}.Debug|Any CPU.Build.0 = Debug|Any CPU
		{8FFB76EB-3CEE-4074-8EAB-67154D284DCB}.Release|Any CPU.ActiveCfg = Release|Any CPU
		{8FFB76EB-3CEE-4074-8EAB-67154D284DCB}.Release|Any CPU.Build.0 = Release|Any CPU
		{07CF0482-5AC6-46B4-92D7-814DAB8BF36D}.Debug|Any CPU.ActiveCfg = Debug|Any CPU
		{07CF0482-5AC6-46B4-92D7-814DAB8BF36D}.Debug|Any CPU.Build.0 = Debug|Any CPU
		{07CF0482-5AC6-46B4-92D7-814DAB8BF36D}.Release|Any CPU.ActiveCfg = Release|Any CPU
		{07CF0482-5AC6-46B4-92D7-814DAB8BF36D}.Release|Any CPU.Build.0 = Release|Any CPU
		{E6078346-1F34-49E9-A0EE-6F23CAAF0EAC}.Debug|Any CPU.ActiveCfg = Debug|Any CPU
		{E6078346-1F34-49E9-A0EE-6F23CAAF0EAC}.Debug|Any CPU.Build.0 = Debug|Any CPU
		{E6078346-1F34-49E9-A0EE-6F23CAAF0EAC}.Release|Any CPU.ActiveCfg = Release|Any CPU
		{E6078346-1F34-49E9-A0EE-6F23CAAF0EAC}.Release|Any CPU.Build.0 = Release|Any CPU
		{DF1A0D16-2468-4CC0-80FA-6BB8D3F8576F}.Debug|Any CPU.ActiveCfg = Debug|Any CPU
		{DF1A0D16-2468-4CC0-80FA-6BB8D3F8576F}.Debug|Any CPU.Build.0 = Debug|Any CPU
		{DF1A0D16-2468-4CC0-80FA-6BB8D3F8576F}.Release|Any CPU.ActiveCfg = Release|Any CPU
		{DF1A0D16-2468-4CC0-80FA-6BB8D3F8576F}.Release|Any CPU.Build.0 = Release|Any CPU
		{7194DF45-C5EF-442C-827F-C3D83C3D87F3}.Debug|Any CPU.ActiveCfg = Debug|Any CPU
		{7194DF45-C5EF-442C-827F-C3D83C3D87F3}.Debug|Any CPU.Build.0 = Debug|Any CPU
		{7194DF45-C5EF-442C-827F-C3D83C3D87F3}.Release|Any CPU.ActiveCfg = Release|Any CPU
		{7194DF45-C5EF-442C-827F-C3D83C3D87F3}.Release|Any CPU.Build.0 = Release|Any CPU
		{FEE9D1AF-1225-4BAD-8520-5FEBFED14A37}.Debug|Any CPU.ActiveCfg = Debug|Any CPU
		{FEE9D1AF-1225-4BAD-8520-5FEBFED14A37}.Debug|Any CPU.Build.0 = Debug|Any CPU
		{FEE9D1AF-1225-4BAD-8520-5FEBFED14A37}.Release|Any CPU.ActiveCfg = Release|Any CPU
		{FEE9D1AF-1225-4BAD-8520-5FEBFED14A37}.Release|Any CPU.Build.0 = Release|Any CPU
		{071F1A19-48E9-4005-9190-FB7ADE384E3E}.Debug|Any CPU.ActiveCfg = Debug|Any CPU
		{071F1A19-48E9-4005-9190-FB7ADE384E3E}.Debug|Any CPU.Build.0 = Debug|Any CPU
		{071F1A19-48E9-4005-9190-FB7ADE384E3E}.Release|Any CPU.ActiveCfg = Release|Any CPU
		{071F1A19-48E9-4005-9190-FB7ADE384E3E}.Release|Any CPU.Build.0 = Release|Any CPU
		{1DF0DFF3-C04C-444A-856D-37998E485A85}.Debug|Any CPU.ActiveCfg = Debug|Any CPU
		{1DF0DFF3-C04C-444A-856D-37998E485A85}.Debug|Any CPU.Build.0 = Debug|Any CPU
		{1DF0DFF3-C04C-444A-856D-37998E485A85}.Release|Any CPU.ActiveCfg = Release|Any CPU
		{1DF0DFF3-C04C-444A-856D-37998E485A85}.Release|Any CPU.Build.0 = Release|Any CPU
		{9E828E09-CC88-4AD3-902B-A85A4C57851C}.Debug|Any CPU.ActiveCfg = Debug|Any CPU
		{9E828E09-CC88-4AD3-902B-A85A4C57851C}.Debug|Any CPU.Build.0 = Debug|Any CPU
		{9E828E09-CC88-4AD3-902B-A85A4C57851C}.Release|Any CPU.ActiveCfg = Release|Any CPU
		{9E828E09-CC88-4AD3-902B-A85A4C57851C}.Release|Any CPU.Build.0 = Release|Any CPU
		{8506681F-EEE5-42C1-9244-AEAB3F8C987B}.Debug|Any CPU.ActiveCfg = Debug|Any CPU
		{8506681F-EEE5-42C1-9244-AEAB3F8C987B}.Debug|Any CPU.Build.0 = Debug|Any CPU
		{8506681F-EEE5-42C1-9244-AEAB3F8C987B}.Release|Any CPU.ActiveCfg = Release|Any CPU
		{8506681F-EEE5-42C1-9244-AEAB3F8C987B}.Release|Any CPU.Build.0 = Release|Any CPU
	EndGlobalSection
	GlobalSection(SolutionProperties) = preSolution
		HideSolutionNode = FALSE
	EndGlobalSection
	GlobalSection(ExtensibilityGlobals) = postSolution
		SolutionGuid = {49ABD480-EDAE-4521-85AE-18D18FCFF358}
	EndGlobalSection
EndGlobal
